// !$*UTF8*$!
{
	archiveVersion = 1;
	classes = {
	};
	objectVersion = 50;
	objects = {

/* Begin PBXFileReference section */
		DF16389F22B5BCFB0068E8B0 /* hotpatch */ = {isa = PBXFileReference; lastKnownFileType = folder; path = hotpatch; sourceTree = "<group>"; };
		DF1638A022B5BCFB0068E8B0 /* SystemLogo */ = {isa = PBXFileReference; lastKnownFileType = folder; path = SystemLogo; sourceTree = "<group>"; };
		DF1638A122B5BCFB0068E8B0 /* config.plist */ = {isa = PBXFileReference; lastKnownFileType = text.plist.xml; path = config.plist; sourceTree = "<group>"; };
		DF1638A322B5BD020068E8B0 /* Audio */ = {isa = PBXFileReference; lastKnownFileType = folder; path = Audio; sourceTree = "<group>"; };
		DF62A0B422C80DE600CBAFBB /* SSDT-L440.aml */ = {isa = PBXFileReference; lastKnownFileType = file; path = "SSDT-L440.aml"; sourceTree = "<group>"; };
		DF62A0B522C80FE600CBAFBB /* Themes */ = {isa = PBXFileReference; lastKnownFileType = folder; path = Themes; sourceTree = "<group>"; };
		DF62A0B622C8103B00CBAFBB /* kexts */ = {isa = PBXFileReference; lastKnownFileType = folder; path = kexts; sourceTree = "<group>"; };
/* End PBXFileReference section */

/* Begin PBXGroup section */
		DF16389822B5BCC90068E8B0 = {
			isa = PBXGroup;
			children = (
				DF62A0B422C80DE600CBAFBB /* SSDT-L440.aml */,
				DF1638A122B5BCFB0068E8B0 /* config.plist */,
				DF62A0B622C8103B00CBAFBB /* kexts */,
				DF62A0B522C80FE600CBAFBB /* Themes */,
				DF1638A322B5BD020068E8B0 /* Audio */,
				DF16389F22B5BCFB0068E8B0 /* hotpatch */,
				DF1638A022B5BCFB0068E8B0 /* SystemLogo */,
			);
			sourceTree = "<group>";
		};
/* End PBXGroup section */

/* Begin PBXProject section */
		DF16389922B5BCC90068E8B0 /* Project object */ = {
			isa = PBXProject;
			attributes = {
				LastUpgradeCheck = 1020;
			};
			buildConfigurationList = DF16389C22B5BCC90068E8B0 /* Build configuration list for PBXProject "L440" */;
			compatibilityVersion = "Xcode 9.3";
			developmentRegion = en;
			hasScannedForEncodings = 0;
			knownRegions = (
				en,
			);
			mainGroup = DF16389822B5BCC90068E8B0;
			projectDirPath = "";
			projectRoot = "";
			targets = (
			);
		};
/* End PBXProject section */

/* Begin XCBuildConfiguration section */
		DF16389D22B5BCC90068E8B0 /* Debug */ = {
			isa = XCBuildConfiguration;
			buildSettings = {
			};
			name = Debug;
		};
		DF16389E22B5BCC90068E8B0 /* Release */ = {
			isa = XCBuildConfiguration;
			buildSettings = {
			};
			name = Release;
		};
/* End XCBuildConfiguration section */

/* Begin XCConfigurationList section */
		DF16389C22B5BCC90068E8B0 /* Build configuration list for PBXProject "L440" */ = {
			isa = XCConfigurationList;
			buildConfigurations = (
				DF16389D22B5BCC90068E8B0 /* Debug */,
				DF16389E22B5BCC90068E8B0 /* Release */,
			);
			defaultConfigurationIsVisible = 0;
			defaultConfigurationName = Release;
		};
/* End XCConfigurationList section */
	};
	rootObject = DF16389922B5BCC90068E8B0 /* Project object */;
}
